
Microsoft Visual Studio Solution File, Format Version 12.00
# Visual Studio 15
VisualStudioVersion = 15.0.27703.2018
MinimumVisualStudioVersion = 10.0.40219.1
Project("{FAE04EC0-301F-11D3-BF4B-00C04F79EFBC}") = "ComicBookGallery", "ComicBookGallery\ComicBookGallery.csproj", "{29A1153A-BE13-41AB-A596-53A83722D9FF}"
EndProject
Global
	GlobalSection(SolutionConfigurationPlatforms) = preSolution
		Debug|Any CPU = Debug|Any CPU
		Release|Any CPU = Release|Any CPU
	EndGlobalSection
	GlobalSection(ProjectConfigurationPlatforms) = postSolution
		{29A1153A-BE13-41AB-A596-53A83722D9FF}.Debug|Any CPU.ActiveCfg = Debug|Any CPU
		{29A1153A-BE13-41AB-A596-53A83722D9FF}.Debug|Any CPU.Build.0 = Debug|Any CPU
		{29A1153A-BE13-41AB-A596-53A83722D9FF}.Release|Any CPU.ActiveCfg = Release|Any CPU
		{29A1153A-BE13-41AB-A596-53A83722D9FF}.Release|Any CPU.Build.0 = Release|Any CPU
	EndGlobalSection
	GlobalSection(SolutionProperties) = preSolution
		HideSolutionNode = FALSE
	EndGlobalSection
	GlobalSection(ExtensibilityGlobals) = postSolution
		SolutionGuid = {735189CF-0D08-456B-AC8A-5A46113AB60D}
	EndGlobalSection
EndGlobal
